# This file is automatically @generated by Poetry 2.1.4 and should not be changed by hand.

[[package]]
name = "colorama"
version = "0.4.6"
description = "Cross-platform colored terminal text."
optional = false
python-versions = "!=3.0.*,!=3.1.*,!=3.2.*,!=3.3.*,!=3.4.*,!=3.5.*,!=3.6.*,>=2.7"
groups = ["dev"]
markers = "sys_platform == \"win32\""
files = [
    {file = "colorama-0.4.6-py2.py3-none-any.whl", hash = "sha256:4f1d9991f5acc0ca119f9d443620b77f9d6b33703e51011c16baf57afb285fc6"},
    {file = "colorama-0.4.6.tar.gz", hash = "sha256:08695f5cb7ed6e0531a20572697297273c47b8cae5a63ffc6d6ed5c201be6e44"},
]

[[package]]
name = "iniconfig"
version = "2.3.0"
description = "brain-dead simple config-ini parsing"
optional = false
python-versions = ">=3.10"
groups = ["dev"]
files = [
    {file = "iniconfig-2.3.0-py3-none-any.whl", hash = "sha256:f631c04d2c48c52b84d0d0549c99ff3859c98df65b3101406327ecc7d53fbf12"},
    {file = "iniconfig-2.3.0.tar.gz", hash = "sha256:c76315c77db068650d49c5b56314774a7804df16fee4402c1f19d6d15d8c4730"},
]

[[package]]
name = "markdown-it-py"
version = "4.0.0"
description = "Python port of markdown-it. Markdown parsing, done right!"
optional = false
python-versions = ">=3.10"
groups = ["main"]
files = [
    {file = "markdown_it_py-4.0.0-py3-none-any.whl", hash = "sha256:87327c59b172c5011896038353a81343b6754500a08cd7a4973bb48c6d578147"},
    {file = "markdown_it_py-4.0.0.tar.gz", hash = "sha256:cb0a2b4aa34f932c007117b194e945bd74e0ec24133ceb5bac59009cda1cb9f3"},
]

[package.dependencies]
mdurl = ">=0.1,<1.0"

[package.extras]
benchmarking = ["psutil", "pytest", "pytest-benchmark"]
compare = ["commonmark (>=0.9,<1.0)", "markdown (>=3.4,<4.0)", "markdown-it-pyrs", "mistletoe (>=1.0,<2.0)", "mistune (>=3.0,<4.0)", "panflute (>=2.3,<3.0)"]
linkify = ["linkify-it-py (>=1,<3)"]
plugins = ["mdit-py-plugins (>=0.5.0)"]
profiling = ["gprof2dot"]
rtd = ["ipykernel", "jupyter_sphinx", "mdit-py-plugins (>=0.5.0)", "myst-parser", "pyyaml", "sphinx", "sphinx-book-theme (>=1.0,<2.0)", "sphinx-copybutton", "sphinx-design"]
testing = ["coverage", "pytest", "pytest-cov", "pytest-regressions", "requests"]

[[package]]
name = "mdit-py-plugins"
version = "0.5.0"
description = "Collection of plugins for markdown-it-py"
optional = false
python-versions = ">=3.10"
groups = ["main"]
files = [
    {file = "mdit_py_plugins-0.5.0-py3-none-any.whl", hash = "sha256:07a08422fc1936a5d26d146759e9155ea466e842f5ab2f7d2266dd084c8dab1f"},
    {file = "mdit_py_plugins-0.5.0.tar.gz", hash = "sha256:f4918cb50119f50446560513a8e311d574ff6aaed72606ddae6d35716fe809c6"},
]

[package.dependencies]
markdown-it-py = ">=2.0.0,<5.0.0"

[package.extras]
code-style = ["pre-commit"]
rtd = ["myst-parser", "sphinx-book-theme"]
testing = ["coverage", "pytest", "pytest-cov", "pytest-regressions"]

[[package]]
name = "mdurl"
version = "0.1.2"
description = "Markdown URL utilities"
optional = false
python-versions = ">=3.7"
groups = ["main"]
files = [
    {file = "mdurl-0.1.2-py3-none-any.whl", hash = "sha256:84008a41e51615a49fc9966191ff91509e3c40b939176e643fd50a5c2196b8f8"},
    {file = "mdurl-0.1.2.tar.gz", hash = "sha256:bb413d29f5eea38f31dd4754dd7377d4465116fb207585f97bf925588687c1ba"},
]

[[package]]
name = "packaging"
version = "25.0"
description = "Core utilities for Python packages"
optional = false
python-versions = ">=3.8"
groups = ["dev"]
files = [
    {file = "packaging-25.0-py3-none-any.whl", hash = "sha256:29572ef2b1f17581046b3a2227d5c611fb25ec70ca1ba8554b24b0e69331a484"},
    {file = "packaging-25.0.tar.gz", hash = "sha256:d443872c98d677bf60f6a1f2f8c1cb748e8fe762d2bf9d3148b5599295b0fc4f"},
]

[[package]]
name = "pluggy"
version = "1.6.0"
description = "plugin and hook calling mechanisms for python"
optional = false
python-versions = ">=3.9"
groups = ["dev"]
files = [
    {file = "pluggy-1.6.0-py3-none-any.whl", hash = "sha256:e920276dd6813095e9377c0bc5566d94c932c33b27a3e3945d8389c374dd4746"},
    {file = "pluggy-1.6.0.tar.gz", hash = "sha256:7dcc130b76258d33b90f61b658791dede3486c3e6bfb003ee5c9bfb396dd22f3"},
]

[package.extras]
dev = ["pre-commit", "tox"]
testing = ["coverage", "pytest", "pytest-benchmark"]

[[package]]
name = "pygments"
version = "2.19.2"
description = "Pygments is a syntax highlighting package written in Python."
optional = false
python-versions = ">=3.8"
groups = ["dev"]
files = [
    {file = "pygments-2.19.2-py3-none-any.whl", hash = "sha256:86540386c03d588bb81d44bc3928634ff26449851e99741617ecb9037ee5ec0b"},
    {file = "pygments-2.19.2.tar.gz", hash = "sha256:636cb2477cec7f8952536970bc533bc43743542f70392ae026374600add5b887"},
]

[package.extras]
windows-terminal = ["colorama (>=0.4.6)"]

[[package]]
name = "pytest"
version = "9.0.1"
description = "pytest: simple powerful testing with Python"
optional = false
python-versions = ">=3.10"
groups = ["dev"]
files = [
    {file = "pytest-9.0.1-py3-none-any.whl", hash = "sha256:67be0030d194df2dfa7b556f2e56fb3c3315bd5c8822c6951162b92b32ce7dad"},
    {file = "pytest-9.0.1.tar.gz", hash = "sha256:3e9c069ea73583e255c3b21cf46b8d3c56f6e3a1a8f6da94ccb0fcf57b9d73c8"},
]

[package.dependencies]
colorama = {version = ">=0.4", markers = "sys_platform == \"win32\""}
iniconfig = ">=1.0.1"
packaging = ">=22"
pluggy = ">=1.5,<2"
pygments = ">=2.7.2"

[package.extras]
dev = ["argcomplete", "attrs (>=19.2)", "hypothesis (>=3.56)", "mock", "requests", "setuptools", "xmlschema"]

[[package]]
name = "ruamel-yaml"
version = "0.18.16"
description = "ruamel.yaml is a YAML parser/emitter that supports roundtrip preservation of comments, seq/map flow style, and map key order"
optional = false
python-versions = ">=3.8"
groups = ["main"]
files = [
    {file = "ruamel.yaml-0.18.16-py3-none-any.whl", hash = "sha256:048f26d64245bae57a4f9ef6feb5b552a386830ef7a826f235ffb804c59efbba"},
    {file = "ruamel.yaml-0.18.16.tar.gz", hash = "sha256:a6e587512f3c998b2225d68aa1f35111c29fad14aed561a26e73fab729ec5e5a"},
]

[package.dependencies]
"ruamel.yaml.clib" = {version = ">=0.2.7", markers = "platform_python_implementation == \"CPython\" and python_version < \"3.14\""}

[package.extras]
docs = ["mercurial (>5.7)", "ryd"]
jinja2 = ["ruamel.yaml.jinja2 (>=0.2)"]

[[package]]
name = "ruamel-yaml-clib"
version = "0.2.15"
description = "C version of reader, parser and emitter for ruamel.yaml derived from libyaml"
optional = false
python-versions = ">=3.9"
groups = ["main"]
markers = "platform_python_implementation == \"CPython\" and python_version < \"3.14\""
files = [
    {file = "ruamel_yaml_clib-0.2.15-cp310-cp310-macosx_10_9_x86_64.whl", hash = "sha256:88eea8baf72f0ccf232c22124d122a7f26e8a24110a0273d9bcddcb0f7e1fa03"},
    {file = "ruamel_yaml_clib-0.2.15-cp310-cp310-macosx_11_0_arm64.whl", hash = "sha256:9b6f7d74d094d1f3a4e157278da97752f16ee230080ae331fcc219056ca54f77"},
    {file = "ruamel_yaml_clib-0.2.15-cp310-cp310-manylinux1_i686.manylinux_2_28_i686.manylinux_2_5_i686.whl", hash = "sha256:4be366220090d7c3424ac2b71c90d1044ea34fca8c0b88f250064fd06087e614"},
    {file = "ruamel_yaml_clib-0.2.15-cp310-cp310-manylinux2014_aarch64.manylinux_2_17_aarch64.manylinux_2_28_aarch64.whl", hash = "sha256:1f66f600833af58bea694d5892453f2270695b92200280ee8c625ec5a477eed3"},
    {file = "ruamel_yaml_clib-0.2.15-cp310-cp310-manylinux2014_x86_64.manylinux_2_17_x86_64.manylinux_2_28_x86_64.whl", hash = "sha256:da3d6adadcf55a93c214d23941aef4abfd45652110aed6580e814152f385b862"},
    {file = "ruamel_yaml_clib-0.2.15-cp310-cp310-musllinux_1_2_aarch64.whl", hash = "sha256:e9fde97ecb7bb9c41261c2ce0da10323e9227555c674989f8d9eb7572fc2098d"},
    {file = "ruamel_yaml_clib-0.2.15-cp310-cp310-musllinux_1_2_i686.whl", hash = "sha256:05c70f7f86be6f7bee53794d80050a28ae7e13e4a0087c1839dcdefd68eb36b6"},
    {file = "ruamel_yaml_clib-0.2.15-cp310-cp310-musllinux_1_2_x86_64.whl", hash = "sha256:6f1d38cbe622039d111b69e9ca945e7e3efebb30ba998867908773183357f3ed"},
    {file = "ruamel_yaml_clib-0.2.15-cp310-cp310-win32.whl", hash = "sha256:fe239bdfdae2302e93bd6e8264bd9b71290218fff7084a9db250b55caaccf43f"},
    {file = "ruamel_yaml_clib-0.2.15-cp310-cp310-win_amd64.whl", hash = "sha256:468858e5cbde0198337e6a2a78eda8c3fb148bdf4c6498eaf4bc9ba3f8e780bd"},
    {file = "ruamel_yaml_clib-0.2.15-cp311-cp311-macosx_10_9_x86_64.whl", hash = "sha256:c583229f336682b7212a43d2fa32c30e643d3076178fb9f7a6a14dde85a2d8bd"},
    {file = "ruamel_yaml_clib-0.2.15-cp311-cp311-macosx_11_0_arm64.whl", hash = "sha256:56ea19c157ed8c74b6be51b5fa1c3aff6e289a041575f0556f66e5fb848bb137"},
    {file = "ruamel_yaml_clib-0.2.15-cp311-cp311-manylinux1_i686.manylinux_2_28_i686.manylinux_2_5_i686.whl", hash = "sha256:5fea0932358e18293407feb921d4f4457db837b67ec1837f87074667449f9401"},
    {file = "ruamel_yaml_clib-0.2.15-cp311-cp311-manylinux2014_aarch64.manylinux_2_17_aarch64.manylinux_2_28_aarch64.whl", hash = "sha256:ef71831bd61fbdb7aa0399d5c4da06bea37107ab5c79ff884cc07f2450910262"},
    {file = "ruamel_yaml_clib-0.2.15-cp311-cp311-manylinux2014_x86_64.manylinux_2_17_x86_64.manylinux_2_28_x86_64.whl", hash = "sha256:617d35dc765715fa86f8c3ccdae1e4229055832c452d4ec20856136acc75053f"},
    {file = "ruamel_yaml_clib-0.2.15-cp311-cp311-musllinux_1_2_aarch64.whl", hash = "sha256:1b45498cc81a4724a2d42273d6cfc243c0547ad7c6b87b4f774cb7bcc131c98d"},
    {file = "ruamel_yaml_clib-0.2.15-cp311-cp311-musllinux_1_2_i686.whl", hash = "sha256:def5663361f6771b18646620fca12968aae730132e104688766cf8a3b1d65922"},
    {file = "ruamel_yaml_clib-0.2.15-cp311-cp311-musllinux_1_2_x86_64.whl", hash = "sha256:014181cdec565c8745b7cbc4de3bf2cc8ced05183d986e6d1200168e5bb59490"},
    {file = "ruamel_yaml_clib-0.2.15-cp311-cp311-win32.whl", hash = "sha256:d290eda8f6ada19e1771b54e5706b8f9807e6bb08e873900d5ba114ced13e02c"},
    {file = "ruamel_yaml_clib-0.2.15-cp311-cp311-win_amd64.whl", hash = "sha256:bdc06ad71173b915167702f55d0f3f027fc61abd975bd308a0968c02db4a4c3e"},
    {file = "ruamel_yaml_clib-0.2.15-cp312-cp312-macosx_10_13_x86_64.whl", hash = "sha256:cb15a2e2a90c8475df45c0949793af1ff413acfb0a716b8b94e488ea95ce7cff"},
    {file = "ruamel_yaml_clib-0.2.15-cp312-cp312-macosx_11_0_arm64.whl", hash = "sha256:64da03cbe93c1e91af133f5bec37fd24d0d4ba2418eaf970d7166b0a26a148a2"},
    {file = "ruamel_yaml_clib-0.2.15-cp312-cp312-manylinux1_i686.manylinux_2_28_i686.manylinux_2_5_i686.whl", hash = "sha256:f6d3655e95a80325b84c4e14c080b2470fe4f33b6846f288379ce36154993fb1"},
    {file = "ruamel_yaml_clib-0.2.15-cp312-cp312-manylinux2014_aarch64.manylinux_2_17_aarch64.manylinux_2_28_aarch64.whl", hash = "sha256:71845d377c7a47afc6592aacfea738cc8a7e876d586dfba814501d8c53c1ba60"},
    {file = "ruamel_yaml_clib-0.2.15-cp312-cp312-manylinux2014_x86_64.manylinux_2_17_x86_64.manylinux_2_28_x86_64.whl", hash = "sha256:11e5499db1ccbc7f4b41f0565e4f799d863ea720e01d3e99fa0b7b5fcd7802c9"},
    {file = "ruamel_yaml_clib-0.2.15-cp312-cp312-musllinux_1_2_aarch64.whl", hash = "sha256:4b293a37dc97e2b1e8a1aec62792d1e52027087c8eea4fc7b5abd2bdafdd6642"},
    {file = "ruamel_yaml_clib-0.2.15-cp312-cp312-musllinux_1_2_i686.whl", hash = "sha256:512571ad41bba04eac7268fe33f7f4742210ca26a81fe0c75357fa682636c690"},
    {file = "ruamel_yaml_clib-0.2.15-cp312-cp312-musllinux_1_2_x86_64.whl", hash = "sha256:e5e9f630c73a490b758bf14d859a39f375e6999aea5ddd2e2e9da89b9953486a"},
    {file = "ruamel_yaml_clib-0.2.15-cp312-cp312-win32.whl", hash = "sha256:f4421ab780c37210a07d138e56dd4b51f8642187cdfb433eb687fe8c11de0144"},
    {file = "ruamel_yaml_clib-0.2.15-cp312-cp312-win_amd64.whl", hash = "sha256:2b216904750889133d9222b7b873c199d48ecbb12912aca78970f84a5aa1a4bc"},
    {file = "ruamel_yaml_clib-0.2.15-cp313-cp313-macosx_10_13_x86_64.whl", hash = "sha256:4dcec721fddbb62e60c2801ba08c87010bd6b700054a09998c4d09c08147b8fb"},
    {file = "ruamel_yaml_clib-0.2.15-cp313-cp313-macosx_11_0_arm64.whl", hash = "sha256:65f48245279f9bb301d1276f9679b82e4c080a1ae25e679f682ac62446fac471"},
    {file = "ruamel_yaml_clib-0.2.15-cp313-cp313-manylinux1_i686.manylinux_2_28_i686.manylinux_2_5_i686.whl", hash = "sha256:46895c17ead5e22bea5e576f1db7e41cb273e8d062c04a6a49013d9f60996c25"},
    {file = "ruamel_yaml_clib-0.2.15-cp313-cp313-manylinux2014_aarch64.manylinux_2_17_aarch64.manylinux_2_28_aarch64.whl", hash = "sha256:3eb199178b08956e5be6288ee0b05b2fb0b5c1f309725ad25d9c6ea7e27f962a"},
    {file = "ruamel_yaml_clib-0.2.15-cp313-cp313-manylinux2014_x86_64.manylinux_2_17_x86_64.manylinux_2_28_x86_64.whl", hash = "sha256:4d1032919280ebc04a80e4fb1e93f7a738129857eaec9448310e638c8bccefcf"},
    {file = "ruamel_yaml_clib-0.2.15-cp313-cp313-musllinux_1_2_aarch64.whl", hash = "sha256:ab0df0648d86a7ecbd9c632e8f8d6b21bb21b5fc9d9e095c796cacf32a728d2d"},
    {file = "ruamel_yaml_clib-0.2.15-cp313-cp313-musllinux_1_2_i686.whl", hash = "sha256:331fb180858dd8534f0e61aa243b944f25e73a4dae9962bd44c46d1761126bbf"},
    {file = "ruamel_yaml_clib-0.2.15-cp313-cp313-musllinux_1_2_x86_64.whl", hash = "sha256:fd4c928ddf6bce586285daa6d90680b9c291cfd045fc40aad34e445d57b1bf51"},
    {file = "ruamel_yaml_clib-0.2.15-cp313-cp313-win32.whl", hash = "sha256:bf0846d629e160223805db9fe8cc7aec16aaa11a07310c50c8c7164efa440aec"},
    {file = "ruamel_yaml_clib-0.2.15-cp313-cp313-win_amd64.whl", hash = "sha256:45702dfbea1420ba3450bb3dd9a80b33f0badd57539c6aac09f42584303e0db6"},
    {file = "ruamel_yaml_clib-0.2.15-cp314-cp314-macosx_10_15_x86_64.whl", hash = "sha256:753faf20b3a5906faf1fc50e4ddb8c074cb9b251e00b14c18b28492f933ac8ef"},
    {file = "ruamel_yaml_clib-0.2.15-cp314-cp314-macosx_11_0_arm64.whl", hash = "sha256:480894aee0b29752560a9de46c0e5f84a82602f2bc5c6cde8db9a345319acfdf"},
    {file = "ruamel_yaml_clib-0.2.15-cp314-cp314-manylinux1_i686.manylinux_2_28_i686.manylinux_2_5_i686.whl", hash = "sha256:4d3b58ab2454b4747442ac76fab66739c72b1e2bb9bd173d7694b9f9dbc9c000"},
    {file = "ruamel_yaml_clib-0.2.15-cp314-cp314-manylinux2014_aarch64.manylinux_2_17_aarch64.manylinux_2_28_aarch64.whl", hash = "sha256:bfd309b316228acecfa30670c3887dcedf9b7a44ea39e2101e75d2654522acd4"},
    {file = "ruamel_yaml_clib-0.2.15-cp314-cp314-manylinux2014_x86_64.manylinux_2_17_x86_64.manylinux_2_28_x86_64.whl", hash = "sha256:2812ff359ec1f30129b62372e5f22a52936fac13d5d21e70373dbca5d64bb97c"},
    {file = "ruamel_yaml_clib-0.2.15-cp314-cp314-musllinux_1_2_aarch64.whl", hash = "sha256:7e74ea87307303ba91073b63e67f2c667e93f05a8c63079ee5b7a5c8d0d7b043"},
    {file = "ruamel_yaml_clib-0.2.15-cp314-cp314-musllinux_1_2_i686.whl", hash = "sha256:713cd68af9dfbe0bb588e144a61aad8dcc00ef92a82d2e87183ca662d242f524"},
    {file = "ruamel_yaml_clib-0.2.15-cp314-cp314-musllinux_1_2_x86_64.whl", hash = "sha256:542d77b72786a35563f97069b9379ce762944e67055bea293480f7734b2c7e5e"},
    {file = "ruamel_yaml_clib-0.2.15-cp314-cp314-win32.whl", hash = "sha256:424ead8cef3939d690c4b5c85ef5b52155a231ff8b252961b6516ed7cf05f6aa"},
    {file = "ruamel_yaml_clib-0.2.15-cp314-cp314-win_amd64.whl", hash = "sha256:ac9b8d5fa4bb7fd2917ab5027f60d4234345fd366fe39aa711d5dca090aa1467"},
    {file = "ruamel_yaml_clib-0.2.15-cp39-cp39-macosx_10_9_x86_64.whl", hash = "sha256:923816815974425fbb1f1bf57e85eca6e14d8adc313c66db21c094927ad01815"},
    {file = "ruamel_yaml_clib-0.2.15-cp39-cp39-macosx_11_0_arm64.whl", hash = "sha256:dcc7f3162d3711fd5d52e2267e44636e3e566d1e5675a5f0b30e98f2c4af7974"},
    {file = "ruamel_yaml_clib-0.2.15-cp39-cp39-manylinux1_i686.manylinux_2_28_i686.manylinux_2_5_i686.whl", hash = "sha256:5d3c9210219cbc0f22706f19b154c9a798ff65a6beeafbf77fc9c057ec806f7d"},
    {file = "ruamel_yaml_clib-0.2.15-cp39-cp39-manylinux2014_aarch64.manylinux_2_17_aarch64.manylinux_2_28_aarch64.whl", hash = "sha256:1bb7b728fd9f405aa00b4a0b17ba3f3b810d0ccc5f77f7373162e9b5f0ff75d5"},
    {file = "ruamel_yaml_clib-0.2.15-cp39-cp39-manylinux2014_x86_64.manylinux_2_17_x86_64.manylinux_2_28_x86_64.whl", hash = "sha256:3cb75a3c14f1d6c3c2a94631e362802f70e83e20d1f2b2ef3026c05b415c4900"},
    {file = "ruamel_yaml_clib-0.2.15-cp39-cp39-musllinux_1_2_aarch64.whl", hash = "sha256:badd1d7283f3e5894779a6ea8944cc765138b96804496c91812b2829f70e18a7"},
    {file = "ruamel_yaml_clib-0.2.15-cp39-cp39-musllinux_1_2_i686.whl", hash = "sha256:0ba6604bbc3dfcef844631932d06a1a4dcac3fee904efccf582261948431628a"},
    {file = "ruamel_yaml_clib-0.2.15-cp39-cp39-musllinux_1_2_x86_64.whl", hash = "sha256:a8220fd4c6f98485e97aea65e1df76d4fed1678ede1fe1d0eed2957230d287c4"},
    {file = "ruamel_yaml_clib-0.2.15-cp39-cp39-win32.whl", hash = "sha256:04d21dc9c57d9608225da28285900762befbb0165ae48482c15d8d4989d4af14"},
    {file = "ruamel_yaml_clib-0.2.15-cp39-cp39-win_amd64.whl", hash = "sha256:27dc656e84396e6d687f97c6e65fb284d100483628f02d95464fd731743a4afe"},
    {file = "ruamel_yaml_clib-0.2.15.tar.gz", hash = "sha256:46e4cc8c43ef6a94885f72512094e482114a8a706d3c555a34ed4b0d20200600"},
]

[[package]]
name = "typing-extensions"
version = "4.15.0"
description = "Backported and Experimental Type Hints for Python 3.9+"
optional = false
python-versions = ">=3.9"
groups = ["main"]
files = [
    {file = "typing_extensions-4.15.0-py3-none-any.whl", hash = "sha256:f0fa19c6845758ab08074a0cfa8b7aecb71c999ca73d62883bc25cc018c4e548"},
    {file = "typing_extensions-4.15.0.tar.gz", hash = "sha256:0cea48d173cc12fa28ecabc3b837ea3cf6f38c6d1136f85cbaaf598984861466"},
]

[metadata]
lock-version = "2.1"
python-versions = "^3.12"
content-hash = "dfe6e2cbb107206b1139c4db6577ba8270244dd5c71322bffa3269661fa6c5a6"
